
Microsoft Visual Studio Solution File, Format Version 12.00
# Visual Studio Version 17
VisualStudioVersion = 17.0.31903.59
MinimumVisualStudioVersion = 10.0.40219.1
Project("{FAE04EC0-301F-11D3-BF4B-00C04F79EFBC}") = "Task1", "Task1\Task1.csproj", "{BA17AE4B-F172-4285-ABED-4735EB45EBE2}"
EndProject
Project("{FAE04EC0-301F-11D3-BF4B-00C04F79EFBC}") = "Task2", "Task2\Task2.csproj", "{48FADD12-CAC2-4BBE-9EE3-15961E992529}"
EndProject
Project("{FAE04EC0-301F-11D3-BF4B-00C04F79EFBC}") = "Task3", "Task3\Task3.csproj", "{E2AEC764-A048-49B1-BDD3-1B7A0119B511}"
EndProject
Project("{FAE04EC0-301F-11D3-BF4B-00C04F79EFBC}") = "Task4", "Task4\Task4.csproj", "{BA7DC249-53E3-449E-877E-F110484EC852}"
EndProject
Project("{FAE04EC0-301F-11D3-BF4B-00C04F79EFBC}") = "Task5", "Task5\Task5.csproj", "{9C577013-5096-49CB-B925-9F252E57EB63}"
EndProject
Project("{FAE04EC0-301F-11D3-BF4B-00C04F79EFBC}") = "Task6", "Task6\Task6.csproj", "{06B067C7-B051-414E-89DB-955F9934FD4E}"
EndProject
Project("{FAE04EC0-301F-11D3-BF4B-00C04F79EFBC}") = "Task7", "Task7\Task7.csproj", "{17A0F522-9F5B-469E-B94D-6B12E3657667}"
EndProject
Project("{FAE04EC0-301F-11D3-BF4B-00C04F79EFBC}") = "Task8", "Task8\Task8.csproj", "{808EE021-933D-41DD-93D8-0CF3A50B377C}"
EndProject
Global
	GlobalSection(SolutionConfigurationPlatforms) = preSolution
		Debug|Any CPU = Debug|Any CPU
		Debug|x64 = Debug|x64
		Debug|x86 = Debug|x86
		Release|Any CPU = Release|Any CPU
		Release|x64 = Release|x64
		Release|x86 = Release|x86
	EndGlobalSection
	GlobalSection(ProjectConfigurationPlatforms) = postSolution
		{BA17AE4B-F172-4285-ABED-4735EB45EBE2}.Debug|Any CPU.ActiveCfg = Debug|Any CPU
		{BA17AE4B-F172-4285-ABED-4735EB45EBE2}.Debug|Any CPU.Build.0 = Debug|Any CPU
		{BA17AE4B-F172-4285-ABED-4735EB45EBE2}.Debug|x64.ActiveCfg = Debug|Any CPU
		{BA17AE4B-F172-4285-ABED-4735EB45EBE2}.Debug|x64.Build.0 = Debug|Any CPU
		{BA17AE4B-F172-4285-ABED-4735EB45EBE2}.Debug|x86.ActiveCfg = Debug|Any CPU
		{BA17AE4B-F172-4285-ABED-4735EB45EBE2}.Debug|x86.Build.0 = Debug|Any CPU
		{BA17AE4B-F172-4285-ABED-4735EB45EBE2}.Release|Any CPU.ActiveCfg = Release|Any CPU
		{BA17AE4B-F172-4285-ABED-4735EB45EBE2}.Release|Any CPU.Build.0 = Release|Any CPU
		{BA17AE4B-F172-4285-ABED-4735EB45EBE2}.Release|x64.ActiveCfg = Release|Any CPU
		{BA17AE4B-F172-4285-ABED-4735EB45EBE2}.Release|x64.Build.0 = Release|Any CPU
		{BA17AE4B-F172-4285-ABED-4735EB45EBE2}.Release|x86.ActiveCfg = Release|Any CPU
		{BA17AE4B-F172-4285-ABED-4735EB45EBE2}.Release|x86.Build.0 = Release|Any CPU
		{48FADD12-CAC2-4BBE-9EE3-15961E992529}.Debug|Any CPU.ActiveCfg = Debug|Any CPU
		{48FADD12-CAC2-4BBE-9EE3-15961E992529}.Debug|Any CPU.Build.0 = Debug|Any CPU
		{48FADD12-CAC2-4BBE-9EE3-15961E992529}.Debug|x64.ActiveCfg = Debug|Any CPU
		{48FADD12-CAC2-4BBE-9EE3-15961E992529}.Debug|x64.Build.0 = Debug|Any CPU
		{48FADD12-CAC2-4BBE-9EE3-15961E992529}.Debug|x86.ActiveCfg = Debug|Any CPU
		{48FADD12-CAC2-4BBE-9EE3-15961E992529}.Debug|x86.Build.0 = Debug|Any CPU
		{48FADD12-CAC2-4BBE-9EE3-15961E992529}.Release|Any CPU.ActiveCfg = Release|Any CPU
		{48FADD12-CAC2-4BBE-9EE3-15961E992529}.Release|Any CPU.Build.0 = Release|Any CPU
		{48FADD12-CAC2-4BBE-9EE3-15961E992529}.Release|x64.ActiveCfg = Release|Any CPU
		{48FADD12-CAC2-4BBE-9EE3-15961E992529}.Release|x64.Build.0 = Release|Any CPU
		{48FADD12-CAC2-4BBE-9EE3-15961E992529}.Release|x86.ActiveCfg = Release|Any CPU
		{48FADD12-CAC2-4BBE-9EE3-15961E992529}.Release|x86.Build.0 = Release|Any CPU
		{E2AEC764-A048-49B1-BDD3-1B7A0119B511}.Debug|Any CPU.ActiveCfg = Debug|Any CPU
		{E2AEC764-A048-49B1-BDD3-1B7A0119B511}.Debug|Any CPU.Build.0 = Debug|Any CPU
		{E2AEC764-A048-49B1-BDD3-1B7A0119B511}.Debug|x64.ActiveCfg = Debug|Any CPU
		{E2AEC764-A048-49B1-BDD3-1B7A0119B511}.Debug|x64.Build.0 = Debug|Any CPU
		{E2AEC764-A048-49B1-BDD3-1B7A0119B511}.Debug|x86.ActiveCfg = Debug|Any CPU
		{E2AEC764-A048-49B1-BDD3-1B7A0119B511}.Debug|x86.Build.0 = Debug|Any CPU
		{E2AEC764-A048-49B1-BDD3-1B7A0119B511}.Release|Any CPU.ActiveCfg = Release|Any CPU
		{E2AEC764-A048-49B1-BDD3-1B7A0119B511}.Release|Any CPU.Build.0 = Release|Any CPU
		{E2AEC764-A048-49B1-BDD3-1B7A0119B511}.Release|x64.ActiveCfg = Release|Any CPU
		{E2AEC764-A048-49B1-BDD3-1B7A0119B511}.Release|x64.Build.0 = Release|Any CPU
		{E2AEC764-A048-49B1-BDD3-1B7A0119B511}.Release|x86.ActiveCfg = Release|Any CPU
		{E2AEC764-A048-49B1-BDD3-1B7A0119B511}.Release|x86.Build.0 = Release|Any CPU
		{BA7DC249-53E3-449E-877E-F110484EC852}.Debug|Any CPU.ActiveCfg = Debug|Any CPU
		{BA7DC249-53E3-449E-877E-F110484EC852}.Debug|Any CPU.Build.0 = Debug|Any CPU
		{BA7DC249-53E3-449E-877E-F110484EC852}.Debug|x64.ActiveCfg = Debug|Any CPU
		{BA7DC249-53E3-449E-877E-F110484EC852}.Debug|x64.Build.0 = Debug|Any CPU
		{BA7DC249-53E3-449E-877E-F110484EC852}.Debug|x86.ActiveCfg = Debug|Any CPU
		{BA7DC249-53E3-449E-877E-F110484EC852}.Debug|x86.Build.0 = Debug|Any CPU
		{BA7DC249-53E3-449E-877E-F110484EC852}.Release|Any CPU.ActiveCfg = Release|Any CPU
		{BA7DC249-53E3-449E-877E-F110484EC852}.Release|Any CPU.Build.0 = Release|Any CPU
		{BA7DC249-53E3-449E-877E-F110484EC852}.Release|x64.ActiveCfg = Release|Any CPU
		{BA7DC249-53E3-449E-877E-F110484EC852}.Release|x64.Build.0 = Release|Any CPU
		{BA7DC249-53E3-449E-877E-F110484EC852}.Release|x86.ActiveCfg = Release|Any CPU
		{BA7DC249-53E3-449E-877E-F110484EC852}.Release|x86.Build.0 = Release|Any CPU
		{9C577013-5096-49CB-B925-9F252E57EB63}.Debug|Any CPU.ActiveCfg = Debug|Any CPU
		{9C577013-5096-49CB-B925-9F252E57EB63}.Debug|Any CPU.Build.0 = Debug|Any CPU
		{9C577013-5096-49CB-B925-9F252E57EB63}.Debug|x64.ActiveCfg = Debug|Any CPU
		{9C577013-5096-49CB-B925-9F252E57EB63}.Debug|x64.Build.0 = Debug|Any CPU
		{9C577013-5096-49CB-B925-9F252E57EB63}.Debug|x86.ActiveCfg = Debug|Any CPU
		{9C577013-5096-49CB-B925-9F252E57EB63}.Debug|x86.Build.0 = Debug|Any CPU
		{9C577013-5096-49CB-B925-9F252E57EB63}.Release|Any CPU.ActiveCfg = Release|Any CPU
		{9C577013-5096-49CB-B925-9F252E57EB63}.Release|Any CPU.Build.0 = Release|Any CPU
		{9C577013-5096-49CB-B925-9F252E57EB63}.Release|x64.ActiveCfg = Release|Any CPU
		{9C577013-5096-49CB-B925-9F252E57EB63}.Release|x64.Build.0 = Release|Any CPU
		{9C577013-5096-49CB-B925-9F252E57EB63}.Release|x86.ActiveCfg = Release|Any CPU
		{9C577013-5096-49CB-B925-9F252E57EB63}.Release|x86.Build.0 = Release|Any CPU
		{06B067C7-B051-414E-89DB-955F9934FD4E}.Debug|Any CPU.ActiveCfg = Debug|Any CPU
		{06B067C7-B051-414E-89DB-955F9934FD4E}.Debug|Any CPU.Build.0 = Debug|Any CPU
		{06B067C7-B051-414E-89DB-955F9934FD4E}.Debug|x64.ActiveCfg = Debug|Any CPU
		{06B067C7-B051-414E-89DB-955F9934FD4E}.Debug|x64.Build.0 = Debug|Any CPU
		{06B067C7-B051-414E-89DB-955F9934FD4E}.Debug|x86.ActiveCfg = Debug|Any CPU
		{06B067C7-B051-414E-89DB-955F9934FD4E}.Debug|x86.Build.0 = Debug|Any CPU
		{06B067C7-B051-414E-89DB-955F9934FD4E}.Release|Any CPU.ActiveCfg = Release|Any CPU
		{06B067C7-B051-414E-89DB-955F9934FD4E}.Release|Any CPU.Build.0 = Release|Any CPU
		{06B067C7-B051-414E-89DB-955F9934FD4E}.Release|x64.ActiveCfg = Release|Any CPU
		{06B067C7-B051-414E-89DB-955F9934FD4E}.Release|x64.Build.0 = Release|Any CPU
		{06B067C7-B051-414E-89DB-955F9934FD4E}.Release|x86.ActiveCfg = Release|Any CPU
		{06B067C7-B051-414E-89DB-955F9934FD4E}.Release|x86.Build.0 = Release|Any CPU
		{17A0F522-9F5B-469E-B94D-6B12E3657667}.Debug|Any CPU.ActiveCfg = Debug|Any CPU
		{17A0F522-9F5B-469E-B94D-6B12E3657667}.Debug|Any CPU.Build.0 = Debug|Any CPU
		{17A0F522-9F5B-469E-B94D-6B12E3657667}.Debug|x64.ActiveCfg = Debug|Any CPU
		{17A0F522-9F5B-469E-B94D-6B12E3657667}.Debug|x64.Build.0 = Debug|Any CPU
		{17A0F522-9F5B-469E-B94D-6B12E3657667}.Debug|x86.ActiveCfg = Debug|Any CPU
		{17A0F522-9F5B-469E-B94D-6B12E3657667}.Debug|x86.Build.0 = Debug|Any CPU
		{17A0F522-9F5B-469E-B94D-6B12E3657667}.Release|Any CPU.ActiveCfg = Release|Any CPU
		{17A0F522-9F5B-469E-B94D-6B12E3657667}.Release|Any CPU.Build.0 = Release|Any CPU
		{17A0F522-9F5B-469E-B94D-6B12E3657667}.Release|x64.ActiveCfg = Release|Any CPU
		{17A0F522-9F5B-469E-B94D-6B12E3657667}.Release|x64.Build.0 = Release|Any CPU
		{17A0F522-9F5B-469E-B94D-6B12E3657667}.Release|x86.ActiveCfg = Release|Any CPU
		{17A0F522-9F5B-469E-B94D-6B12E3657667}.Release|x86.Build.0 = Release|Any CPU
		{808EE021-933D-41DD-93D8-0CF3A50B377C}.Debug|Any CPU.ActiveCfg = Debug|Any CPU
		{808EE021-933D-41DD-93D8-0CF3A50B377C}.Debug|Any CPU.Build.0 = Debug|Any CPU
		{808EE021-933D-41DD-93D8-0CF3A50B377C}.Debug|x64.ActiveCfg = Debug|Any CPU
		{808EE021-933D-41DD-93D8-0CF3A50B377C}.Debug|x64.Build.0 = Debug|Any CPU
		{808EE021-933D-41DD-93D8-0CF3A50B377C}.Debug|x86.ActiveCfg = Debug|Any CPU
		{808EE021-933D-41DD-93D8-0CF3A50B377C}.Debug|x86.Build.0 = Debug|Any CPU
		{808EE021-933D-41DD-93D8-0CF3A50B377C}.Release|Any CPU.ActiveCfg = Release|Any CPU
		{808EE021-933D-41DD-93D8-0CF3A50B377C}.Release|Any CPU.Build.0 = Release|Any CPU
		{808EE021-933D-41DD-93D8-0CF3A50B377C}.Release|x64.ActiveCfg = Release|Any CPU
		{808EE021-933D-41DD-93D8-0CF3A50B377C}.Release|x64.Build.0 = Release|Any CPU
		{808EE021-933D-41DD-93D8-0CF3A50B377C}.Release|x86.ActiveCfg = Release|Any CPU
		{808EE021-933D-41DD-93D8-0CF3A50B377C}.Release|x86.Build.0 = Release|Any CPU
	EndGlobalSection
	GlobalSection(SolutionProperties) = preSolution
		HideSolutionNode = FALSE
	EndGlobalSection
EndGlobal
